
Microsoft Visual Studio Solution File, Format Version 12.00
# Visual Studio Version 17
VisualStudioVersion = 17.5.002.0
MinimumVisualStudioVersion = 10.0.40219.1
Project("{9A19103F-16F7-4668-BE54-9A1E7A4F7556}") = "CiaoMondo", "CiaoMondo\CiaoMondo.csproj", "{B3B11A65-B05D-4EC4-AFF6-2B4E9B1D1988}"
EndProject
Project("{9A19103F-16F7-4668-BE54-9A1E7A4F7556}") = "HolaMundo", "HolaMundo\HolaMundo.csproj", "{F7970509-1BF5-453B-94F3-B5EAB9D6958B}"
EndProject
Global
	GlobalSection(SolutionConfigurationPlatforms) = preSolution
		Debug|Any CPU = Debug|Any CPU
		Release|Any CPU = Release|Any CPU
	EndGlobalSection
	GlobalSection(ProjectConfigurationPlatforms) = postSolution
		{B3B11A65-B05D-4EC4-AFF6-2B4E9B1D1988}.Debug|Any CPU.ActiveCfg = Debug|Any CPU
		{B3B11A65-B05D-4EC4-AFF6-2B4E9B1D1988}.Debug|Any CPU.Build.0 = Debug|Any CPU
		{B3B11A65-B05D-4EC4-AFF6-2B4E9B1D1988}.Release|Any CPU.ActiveCfg = Release|Any CPU
		{B3B11A65-B05D-4EC4-AFF6-2B4E9B1D1988}.Release|Any CPU.Build.0 = Release|Any CPU
		{F7970509-1BF5-453B-94F3-B5EAB9D6958B}.Debug|Any CPU.ActiveCfg = Debug|Any CPU
		{F7970509-1BF5-453B-94F3-B5EAB9D6958B}.Debug|Any CPU.Build.0 = Debug|Any CPU
		{F7970509-1BF5-453B-94F3-B5EAB9D6958B}.Release|Any CPU.ActiveCfg = Release|Any CPU
		{F7970509-1BF5-453B-94F3-B5EAB9D6958B}.Release|Any CPU.Build.0 = Release|Any CPU
	EndGlobalSection
	GlobalSection(SolutionProperties) = preSolution
		HideSolutionNode = FALSE
	EndGlobalSection
	GlobalSection(ExtensibilityGlobals) = postSolution
		SolutionGuid = {0B476FC6-D442-4427-BE92-079C8462A7FE}
	EndGlobalSection
EndGlobal
